
Microsoft Visual Studio Solution File, Format Version 12.00
# Visual Studio Version 16
VisualStudioVersion = 16.0.30621.155
MinimumVisualStudioVersion = 10.0.40219.1
Project("{FAE04EC0-301F-11D3-BF4B-00C04F79EFBC}") = "AutofacDemo.Mvc", "AutofacDemo.Mvc\AutofacDemo.Mvc.csproj", "{EB8070B2-29F1-4AA6-8E5D-FB31EFEAAB2E}"
EndProject
Project("{FAE04EC0-301F-11D3-BF4B-00C04F79EFBC}") = "AutofacDemo.CrossCut", "AutofacDemo.CrossCut\AutofacDemo.CrossCut.csproj", "{7F3ECF40-6327-4106-AA8D-23AABCC00B97}"
EndProject
Project("{FAE04EC0-301F-11D3-BF4B-00C04F79EFBC}") = "AutofacDemo.AutoMapperValidationTest", "AutofacDemo.AutoMapperValidationTest\AutofacDemo.AutoMapperValidationTest.csproj", "{B5C34C08-1690-4EC5-868F-EAB7C467FCF1}"
EndProject
Project("{FAE04EC0-301F-11D3-BF4B-00C04F79EFBC}") = "AutofacDemo.BusinessLogic", "AutofacDemo.BusinessLogic\AutofacDemo.BusinessLogic.csproj", "{106EBD8B-B432-4E2B-A2AA-BF659D9E25EE}"
EndProject
Project("{FAE04EC0-301F-11D3-BF4B-00C04F79EFBC}") = "AutofacDemo.BusinessLogic.Implementation", "AutofacDemo.BusinessLogic.Implementation\AutofacDemo.BusinessLogic.Implementation.csproj", "{0ABF5A02-B6CA-4807-9FB1-1238D094D10C}"
EndProject
Global
	GlobalSection(SolutionConfigurationPlatforms) = preSolution
		Debug|Any CPU = Debug|Any CPU
		Release|Any CPU = Release|Any CPU
	EndGlobalSection
	GlobalSection(ProjectConfigurationPlatforms) = postSolution
		{EB8070B2-29F1-4AA6-8E5D-FB31EFEAAB2E}.Debug|Any CPU.ActiveCfg = Debug|Any CPU
		{EB8070B2-29F1-4AA6-8E5D-FB31EFEAAB2E}.Debug|Any CPU.Build.0 = Debug|Any CPU
		{EB8070B2-29F1-4AA6-8E5D-FB31EFEAAB2E}.Release|Any CPU.ActiveCfg = Release|Any CPU
		{EB8070B2-29F1-4AA6-8E5D-FB31EFEAAB2E}.Release|Any CPU.Build.0 = Release|Any CPU
		{7F3ECF40-6327-4106-AA8D-23AABCC00B97}.Debug|Any CPU.ActiveCfg = Debug|Any CPU
		{7F3ECF40-6327-4106-AA8D-23AABCC00B97}.Debug|Any CPU.Build.0 = Debug|Any CPU
		{7F3ECF40-6327-4106-AA8D-23AABCC00B97}.Release|Any CPU.ActiveCfg = Release|Any CPU
		{7F3ECF40-6327-4106-AA8D-23AABCC00B97}.Release|Any CPU.Build.0 = Release|Any CPU
		{B5C34C08-1690-4EC5-868F-EAB7C467FCF1}.Debug|Any CPU.ActiveCfg = Debug|Any CPU
		{B5C34C08-1690-4EC5-868F-EAB7C467FCF1}.Debug|Any CPU.Build.0 = Debug|Any CPU
		{B5C34C08-1690-4EC5-868F-EAB7C467FCF1}.Release|Any CPU.ActiveCfg = Release|Any CPU
		{B5C34C08-1690-4EC5-868F-EAB7C467FCF1}.Release|Any CPU.Build.0 = Release|Any CPU
		{106EBD8B-B432-4E2B-A2AA-BF659D9E25EE}.Debug|Any CPU.ActiveCfg = Debug|Any CPU
		{106EBD8B-B432-4E2B-A2AA-BF659D9E25EE}.Debug|Any CPU.Build.0 = Debug|Any CPU
		{106EBD8B-B432-4E2B-A2AA-BF659D9E25EE}.Release|Any CPU.ActiveCfg = Release|Any CPU
		{106EBD8B-B432-4E2B-A2AA-BF659D9E25EE}.Release|Any CPU.Build.0 = Release|Any CPU
		{0ABF5A02-B6CA-4807-9FB1-1238D094D10C}.Debug|Any CPU.ActiveCfg = Debug|Any CPU
		{0ABF5A02-B6CA-4807-9FB1-1238D094D10C}.Debug|Any CPU.Build.0 = Debug|Any CPU
		{0ABF5A02-B6CA-4807-9FB1-1238D094D10C}.Release|Any CPU.ActiveCfg = Release|Any CPU
		{0ABF5A02-B6CA-4807-9FB1-1238D094D10C}.Release|Any CPU.Build.0 = Release|Any CPU
	EndGlobalSection
	GlobalSection(SolutionProperties) = preSolution
		HideSolutionNode = FALSE
	EndGlobalSection
	GlobalSection(ExtensibilityGlobals) = postSolution
		SolutionGuid = {527CBC79-BFE7-4D8B-92D5-AD966641850D}
	EndGlobalSection
EndGlobal
